
Microsoft Visual Studio Solution File, Format Version 12.00
# Visual Studio Version 17
VisualStudioVersion = 17.1.32421.90
MinimumVisualStudioVersion = 10.0.40219.1
Project("{FAE04EC0-301F-11D3-BF4B-00C04F79EFBC}") = "Assign1", "Assign1\Assign1.csproj", "{A44C414C-65F4-42FD-A36E-95B578BCD615}"
EndProject
Global
	GlobalSection(SolutionConfigurationPlatforms) = preSolution
		Debug|Any CPU = Debug|Any CPU
		Release|Any CPU = Release|Any CPU
	EndGlobalSection
	GlobalSection(ProjectConfigurationPlatforms) = postSolution
		{A44C414C-65F4-42FD-A36E-95B578BCD615}.Debug|Any CPU.ActiveCfg = Debug|Any CPU
		{A44C414C-65F4-42FD-A36E-95B578BCD615}.Debug|Any CPU.Build.0 = Debug|Any CPU
		{A44C414C-65F4-42FD-A36E-95B578BCD615}.Release|Any CPU.ActiveCfg = Release|Any CPU
		{A44C414C-65F4-42FD-A36E-95B578BCD615}.Release|Any CPU.Build.0 = Release|Any CPU
	EndGlobalSection
	GlobalSection(SolutionProperties) = preSolution
		HideSolutionNode = FALSE
	EndGlobalSection
	GlobalSection(ExtensibilityGlobals) = postSolution
		SolutionGuid = {828C44BF-EF2C-4645-BBCC-C624FF309000}
	EndGlobalSection
EndGlobal
